
Microsoft Visual Studio Solution File, Format Version 12.00
# Visual Studio Version 16
VisualStudioVersion = 16.0.31515.178
MinimumVisualStudioVersion = 10.0.40219.1
Project("{8BC9CEB8-8B4A-11D0-8D11-00A0C91BC942}") = "02_Linked_List_bothways", "02_Linked_List_bothways\02_Linked_List_bothways.vcxproj", "{9B5C2E9A-9B53-45DF-B1E1-3722139C5B3B}"
EndProject
Global
	GlobalSection(SolutionConfigurationPlatforms) = preSolution
		Debug|x64 = Debug|x64
		Debug|x86 = Debug|x86
		Release|x64 = Release|x64
		Release|x86 = Release|x86
	EndGlobalSection
	GlobalSection(ProjectConfigurationPlatforms) = postSolution
		{9B5C2E9A-9B53-45DF-B1E1-3722139C5B3B}.Debug|x64.ActiveCfg = Debug|x64
		{9B5C2E9A-9B53-45DF-B1E1-3722139C5B3B}.Debug|x64.Build.0 = Debug|x64
		{9B5C2E9A-9B53-45DF-B1E1-3722139C5B3B}.Debug|x86.ActiveCfg = Debug|Win32
		{9B5C2E9A-9B53-45DF-B1E1-3722139C5B3B}.Debug|x86.Build.0 = Debug|Win32
		{9B5C2E9A-9B53-45DF-B1E1-3722139C5B3B}.Release|x64.ActiveCfg = Release|x64
		{9B5C2E9A-9B53-45DF-B1E1-3722139C5B3B}.Release|x64.Build.0 = Release|x64
		{9B5C2E9A-9B53-45DF-B1E1-3722139C5B3B}.Release|x86.ActiveCfg = Release|Win32
		{9B5C2E9A-9B53-45DF-B1E1-3722139C5B3B}.Release|x86.Build.0 = Release|Win32
	EndGlobalSection
	GlobalSection(SolutionProperties) = preSolution
		HideSolutionNode = FALSE
	EndGlobalSection
	GlobalSection(ExtensibilityGlobals) = postSolution
		SolutionGuid = {5C8D231D-6858-4B1B-9BFE-234E40B01385}
	EndGlobalSection
EndGlobal
